
Microsoft Visual Studio Solution File, Format Version 12.00
# Visual Studio 15
VisualStudioVersion = 15.0.28307.1300
MinimumVisualStudioVersion = 10.0.40219.1
Project("{8BC9CEB8-8B4A-11D0-8D11-00A0C91BC942}") = "BadCode", "BadCode\BadCode.vcxproj", "{F83A2CCC-B875-4D75-B94C-3F5CE9D235DA}"
EndProject
Project("{8BC9CEB8-8B4A-11D0-8D11-00A0C91BC942}") = "BadCodeWithPipe", "BadCodeWithPipe\BadCodeWithPipe.vcxproj", "{B02C91A5-A5FD-4B00-84AB-ED051B7E8F94}"
EndProject
Project("{8BC9CEB8-8B4A-11D0-8D11-00A0C91BC942}") = "BadCodePipeClient", "BadCodePipeClient\BadCodePipeClient.vcxproj", "{C1C2CF26-1224-4AA3-BB76-D15F77C09DD6}"
EndProject
Project("{8BC9CEB8-8B4A-11D0-8D11-00A0C91BC942}") = "BadCodeWithSocket", "BadCodeWithSocket\BadCodeWithSocket.vcxproj", "{576B8E35-172B-46CC-B678-6CA91FE2EF90}"
EndProject
Project("{8BC9CEB8-8B4A-11D0-8D11-00A0C91BC942}") = "BadCodeSocketClient", "BadCodeSocketClient\BadCodeSocketClient.vcxproj", "{C55887A7-44C3-40BC-8083-56D4046C7943}"
EndProject
Project("{8BC9CEB8-8B4A-11D0-8D11-00A0C91BC942}") = "BadCode-ReflectiveDLL", "BadCode-ReflectiveDLL\BadCode-ReflectiveDLL.vcxproj", "{71037700-C544-49C6-989A-614D56D2343F}"
EndProject
Project("{8BC9CEB8-8B4A-11D0-8D11-00A0C91BC942}") = "BadCode-DLL", "BadCode-DLL\BadCode-DLL.vcxproj", "{BEFBC127-5769-43D0-BEFF-5F7672057CBD}"
EndProject
Project("{8BC9CEB8-8B4A-11D0-8D11-00A0C91BC942}") = "BadCodeDisableImport", "BadCodeDisableImport\BadCodeDisableImport.vcxproj", "{D674DFA3-2FB6-48EA-8C76-4A685298614E}"
EndProject
Project("{8BC9CEB8-8B4A-11D0-8D11-00A0C91BC942}") = "BadCodeString", "BadCodeString\BadCodeString.vcxproj", "{79376C7C-27F8-4E81-B41B-437B9E7ECA0E}"
EndProject
Global
	GlobalSection(SolutionConfigurationPlatforms) = preSolution
		Debug|Win32 = Debug|Win32
		Debug|x64 = Debug|x64
		Release|Win32 = Release|Win32
		Release|x64 = Release|x64
	EndGlobalSection
	GlobalSection(ProjectConfigurationPlatforms) = postSolution
		{F83A2CCC-B875-4D75-B94C-3F5CE9D235DA}.Debug|Win32.ActiveCfg = Debug|Win32
		{F83A2CCC-B875-4D75-B94C-3F5CE9D235DA}.Debug|Win32.Build.0 = Debug|Win32
		{F83A2CCC-B875-4D75-B94C-3F5CE9D235DA}.Debug|x64.ActiveCfg = Debug|Win32
		{F83A2CCC-B875-4D75-B94C-3F5CE9D235DA}.Release|Win32.ActiveCfg = Release|Win32
		{F83A2CCC-B875-4D75-B94C-3F5CE9D235DA}.Release|Win32.Build.0 = Release|Win32
		{F83A2CCC-B875-4D75-B94C-3F5CE9D235DA}.Release|x64.ActiveCfg = Release|Win32
		{B02C91A5-A5FD-4B00-84AB-ED051B7E8F94}.Debug|Win32.ActiveCfg = Debug|Win32
		{B02C91A5-A5FD-4B00-84AB-ED051B7E8F94}.Debug|Win32.Build.0 = Debug|Win32
		{B02C91A5-A5FD-4B00-84AB-ED051B7E8F94}.Debug|x64.ActiveCfg = Debug|Win32
		{B02C91A5-A5FD-4B00-84AB-ED051B7E8F94}.Release|Win32.ActiveCfg = Release|Win32
		{B02C91A5-A5FD-4B00-84AB-ED051B7E8F94}.Release|Win32.Build.0 = Release|Win32
		{B02C91A5-A5FD-4B00-84AB-ED051B7E8F94}.Release|x64.ActiveCfg = Release|Win32
		{C1C2CF26-1224-4AA3-BB76-D15F77C09DD6}.Debug|Win32.ActiveCfg = Debug|Win32
		{C1C2CF26-1224-4AA3-BB76-D15F77C09DD6}.Debug|Win32.Build.0 = Debug|Win32
		{C1C2CF26-1224-4AA3-BB76-D15F77C09DD6}.Debug|x64.ActiveCfg = Debug|Win32
		{C1C2CF26-1224-4AA3-BB76-D15F77C09DD6}.Release|Win32.ActiveCfg = Release|Win32
		{C1C2CF26-1224-4AA3-BB76-D15F77C09DD6}.Release|Win32.Build.0 = Release|Win32
		{C1C2CF26-1224-4AA3-BB76-D15F77C09DD6}.Release|x64.ActiveCfg = Release|Win32
		{576B8E35-172B-46CC-B678-6CA91FE2EF90}.Debug|Win32.ActiveCfg = Debug|Win32
		{576B8E35-172B-46CC-B678-6CA91FE2EF90}.Debug|Win32.Build.0 = Debug|Win32
		{576B8E35-172B-46CC-B678-6CA91FE2EF90}.Debug|x64.ActiveCfg = Debug|Win32
		{576B8E35-172B-46CC-B678-6CA91FE2EF90}.Release|Win32.ActiveCfg = Release|Win32
		{576B8E35-172B-46CC-B678-6CA91FE2EF90}.Release|Win32.Build.0 = Release|Win32
		{576B8E35-172B-46CC-B678-6CA91FE2EF90}.Release|x64.ActiveCfg = Release|Win32
		{C55887A7-44C3-40BC-8083-56D4046C7943}.Debug|Win32.ActiveCfg = Debug|Win32
		{C55887A7-44C3-40BC-8083-56D4046C7943}.Debug|Win32.Build.0 = Debug|Win32
		{C55887A7-44C3-40BC-8083-56D4046C7943}.Debug|x64.ActiveCfg = Debug|Win32
		{C55887A7-44C3-40BC-8083-56D4046C7943}.Release|Win32.ActiveCfg = Release|Win32
		{C55887A7-44C3-40BC-8083-56D4046C7943}.Release|Win32.Build.0 = Release|Win32
		{C55887A7-44C3-40BC-8083-56D4046C7943}.Release|x64.ActiveCfg = Release|Win32
		{71037700-C544-49C6-989A-614D56D2343F}.Debug|Win32.ActiveCfg = Debug|Win32
		{71037700-C544-49C6-989A-614D56D2343F}.Debug|Win32.Build.0 = Debug|Win32
		{71037700-C544-49C6-989A-614D56D2343F}.Debug|x64.ActiveCfg = Debug|x64
		{71037700-C544-49C6-989A-614D56D2343F}.Debug|x64.Build.0 = Debug|x64
		{71037700-C544-49C6-989A-614D56D2343F}.Release|Win32.ActiveCfg = Release|Win32
		{71037700-C544-49C6-989A-614D56D2343F}.Release|Win32.Build.0 = Release|Win32
		{71037700-C544-49C6-989A-614D56D2343F}.Release|x64.ActiveCfg = Release|x64
		{71037700-C544-49C6-989A-614D56D2343F}.Release|x64.Build.0 = Release|x64
		{BEFBC127-5769-43D0-BEFF-5F7672057CBD}.Debug|Win32.ActiveCfg = Debug|Win32
		{BEFBC127-5769-43D0-BEFF-5F7672057CBD}.Debug|Win32.Build.0 = Debug|Win32
		{BEFBC127-5769-43D0-BEFF-5F7672057CBD}.Debug|x64.ActiveCfg = Debug|Win32
		{BEFBC127-5769-43D0-BEFF-5F7672057CBD}.Release|Win32.ActiveCfg = Release|Win32
		{BEFBC127-5769-43D0-BEFF-5F7672057CBD}.Release|Win32.Build.0 = Release|Win32
		{BEFBC127-5769-43D0-BEFF-5F7672057CBD}.Release|x64.ActiveCfg = Release|Win32
		{D674DFA3-2FB6-48EA-8C76-4A685298614E}.Debug|Win32.ActiveCfg = Debug|Win32
		{D674DFA3-2FB6-48EA-8C76-4A685298614E}.Debug|Win32.Build.0 = Debug|Win32
		{D674DFA3-2FB6-48EA-8C76-4A685298614E}.Debug|x64.ActiveCfg = Debug|x64
		{D674DFA3-2FB6-48EA-8C76-4A685298614E}.Debug|x64.Build.0 = Debug|x64
		{D674DFA3-2FB6-48EA-8C76-4A685298614E}.Release|Win32.ActiveCfg = Release|Win32
		{D674DFA3-2FB6-48EA-8C76-4A685298614E}.Release|Win32.Build.0 = Release|Win32
		{D674DFA3-2FB6-48EA-8C76-4A685298614E}.Release|x64.ActiveCfg = Release|x64
		{D674DFA3-2FB6-48EA-8C76-4A685298614E}.Release|x64.Build.0 = Release|x64
		{79376C7C-27F8-4E81-B41B-437B9E7ECA0E}.Debug|Win32.ActiveCfg = Debug|Win32
		{79376C7C-27F8-4E81-B41B-437B9E7ECA0E}.Debug|Win32.Build.0 = Debug|Win32
		{79376C7C-27F8-4E81-B41B-437B9E7ECA0E}.Debug|x64.ActiveCfg = Debug|x64
		{79376C7C-27F8-4E81-B41B-437B9E7ECA0E}.Debug|x64.Build.0 = Debug|x64
		{79376C7C-27F8-4E81-B41B-437B9E7ECA0E}.Release|Win32.ActiveCfg = Release|Win32
		{79376C7C-27F8-4E81-B41B-437B9E7ECA0E}.Release|Win32.Build.0 = Release|Win32
		{79376C7C-27F8-4E81-B41B-437B9E7ECA0E}.Release|x64.ActiveCfg = Release|x64
		{79376C7C-27F8-4E81-B41B-437B9E7ECA0E}.Release|x64.Build.0 = Release|x64
	EndGlobalSection
	GlobalSection(SolutionProperties) = preSolution
		HideSolutionNode = FALSE
	EndGlobalSection
	GlobalSection(ExtensibilityGlobals) = postSolution
		SolutionGuid = {CA4FB4ED-786E-4F2B-B652-40BE5192D898}
	EndGlobalSection
EndGlobal
